{
  "name": "script",
  "lockfileVersion": 3,
  "requires": true,
  "packages": {
    "": {
      "dependencies": {
        "lucide": "^0.262.0"
      }
    },
    "node_modules/lucide": {
      "version": "0.262.0",
      "resolved": "https://registry.npmjs.org/lucide/-/lucide-0.262.0.tgz",
      "integrity": "sha512-/xwG+eO/AvVJnCpFWJEMjf2z3S4+FA/dDfqjYoT2LtLoK5ldV/FkVygcskx1WphQSErud+qvcDIOy0vrOgInPg=="
    }
  }
}
